
Microsoft Visual Studio Solution File, Format Version 12.00
# Visual Studio Version 16
VisualStudioVersion = 16.0.29920.165
MinimumVisualStudioVersion = 10.0.40219.1
Project("{FAE04EC0-301F-11D3-BF4B-00C04F79EFBC}") = "LeaveManager", "LeaveManager\LeaveManager.csproj", "{82B7271E-8F79-4BA2-9EA4-CA1AAF97A0FD}"
EndProject
Global
	GlobalSection(SolutionConfigurationPlatforms) = preSolution
		Debug|Any CPU = Debug|Any CPU
		Release|Any CPU = Release|Any CPU
	EndGlobalSection
	GlobalSection(ProjectConfigurationPlatforms) = postSolution
		{82B7271E-8F79-4BA2-9EA4-CA1AAF97A0FD}.Debug|Any CPU.ActiveCfg = Debug|Any CPU
		{82B7271E-8F79-4BA2-9EA4-CA1AAF97A0FD}.Debug|Any CPU.Build.0 = Debug|Any CPU
		{82B7271E-8F79-4BA2-9EA4-CA1AAF97A0FD}.Release|Any CPU.ActiveCfg = Release|Any CPU
		{82B7271E-8F79-4BA2-9EA4-CA1AAF97A0FD}.Release|Any CPU.Build.0 = Release|Any CPU
	EndGlobalSection
	GlobalSection(SolutionProperties) = preSolution
		HideSolutionNode = FALSE
	EndGlobalSection
	GlobalSection(ExtensibilityGlobals) = postSolution
		SolutionGuid = {DFC3F3B3-280E-45AB-85FB-D824020CA1AE}
	EndGlobalSection
EndGlobal
